
Microsoft Visual Studio Solution File, Format Version 12.00
# Visual Studio 15
VisualStudioVersion = 15.0.28010.2046
MinimumVisualStudioVersion = 10.0.40219.1
Project("{FAE04EC0-301F-11D3-BF4B-00C04F79EFBC}") = "16. 3Sum Closest", "16. 3Sum Closest\16. 3Sum Closest.csproj", "{8D38C29F-18BB-4CB7-A3C8-83C0746CA316}"
EndProject
Global
	GlobalSection(SolutionConfigurationPlatforms) = preSolution
		Debug|Any CPU = Debug|Any CPU
		Release|Any CPU = Release|Any CPU
	EndGlobalSection
	GlobalSection(ProjectConfigurationPlatforms) = postSolution
		{8D38C29F-18BB-4CB7-A3C8-83C0746CA316}.Debug|Any CPU.ActiveCfg = Debug|Any CPU
		{8D38C29F-18BB-4CB7-A3C8-83C0746CA316}.Debug|Any CPU.Build.0 = Debug|Any CPU
		{8D38C29F-18BB-4CB7-A3C8-83C0746CA316}.Release|Any CPU.ActiveCfg = Release|Any CPU
		{8D38C29F-18BB-4CB7-A3C8-83C0746CA316}.Release|Any CPU.Build.0 = Release|Any CPU
	EndGlobalSection
	GlobalSection(SolutionProperties) = preSolution
		HideSolutionNode = FALSE
	EndGlobalSection
	GlobalSection(ExtensibilityGlobals) = postSolution
		SolutionGuid = {F1E3C1E0-2C43-4289-84B3-1148A0243DB4}
	EndGlobalSection
EndGlobal
