
Microsoft Visual Studio Solution File, Format Version 12.00
# Visual Studio 15
VisualStudioVersion = 15.0.27004.2009
MinimumVisualStudioVersion = 10.0.40219.1
Project("{FAE04EC0-301F-11D3-BF4B-00C04F79EFBC}") = "Independent Alleles", "Independent Alleles\Independent Alleles.csproj", "{80D5BD47-E72A-4FFE-9149-25F174376CAF}"
EndProject
Global
	GlobalSection(SolutionConfigurationPlatforms) = preSolution
		Debug|Any CPU = Debug|Any CPU
		Release|Any CPU = Release|Any CPU
	EndGlobalSection
	GlobalSection(ProjectConfigurationPlatforms) = postSolution
		{80D5BD47-E72A-4FFE-9149-25F174376CAF}.Debug|Any CPU.ActiveCfg = Debug|Any CPU
		{80D5BD47-E72A-4FFE-9149-25F174376CAF}.Debug|Any CPU.Build.0 = Debug|Any CPU
		{80D5BD47-E72A-4FFE-9149-25F174376CAF}.Release|Any CPU.ActiveCfg = Release|Any CPU
		{80D5BD47-E72A-4FFE-9149-25F174376CAF}.Release|Any CPU.Build.0 = Release|Any CPU
	EndGlobalSection
	GlobalSection(SolutionProperties) = preSolution
		HideSolutionNode = FALSE
	EndGlobalSection
	GlobalSection(ExtensibilityGlobals) = postSolution
		SolutionGuid = {31D7F8DB-0D2A-4280-BA6C-560C1523DB5D}
	EndGlobalSection
EndGlobal
