
Microsoft Visual Studio Solution File, Format Version 12.00
# Visual Studio 15
VisualStudioVersion = 15.0.27004.2009
MinimumVisualStudioVersion = 10.0.40219.1
Project("{FAE04EC0-301F-11D3-BF4B-00C04F79EFBC}") = "PR Hamming Distance 04", "PR Hamming Distance 04\PR Hamming Distance 04.csproj", "{8F0F0480-0DB8-45CB-A2EF-85B078AF200C}"
EndProject
Global
	GlobalSection(SolutionConfigurationPlatforms) = preSolution
		Debug|Any CPU = Debug|Any CPU
		Release|Any CPU = Release|Any CPU
	EndGlobalSection
	GlobalSection(ProjectConfigurationPlatforms) = postSolution
		{8F0F0480-0DB8-45CB-A2EF-85B078AF200C}.Debug|Any CPU.ActiveCfg = Debug|Any CPU
		{8F0F0480-0DB8-45CB-A2EF-85B078AF200C}.Debug|Any CPU.Build.0 = Debug|Any CPU
		{8F0F0480-0DB8-45CB-A2EF-85B078AF200C}.Release|Any CPU.ActiveCfg = Release|Any CPU
		{8F0F0480-0DB8-45CB-A2EF-85B078AF200C}.Release|Any CPU.Build.0 = Release|Any CPU
	EndGlobalSection
	GlobalSection(SolutionProperties) = preSolution
		HideSolutionNode = FALSE
	EndGlobalSection
	GlobalSection(ExtensibilityGlobals) = postSolution
		SolutionGuid = {2D8E93BC-1EDE-451B-A835-69644303E6A6}
	EndGlobalSection
EndGlobal
