
Microsoft Visual Studio Solution File, Format Version 12.00
# Visual Studio 15
VisualStudioVersion = 15.0.28010.2036
MinimumVisualStudioVersion = 10.0.40219.1
Project("{FAE04EC0-301F-11D3-BF4B-00C04F79EFBC}") = "12. Integer To Roman", "12. Integer To Roman\12. Integer To Roman.csproj", "{EEB5C7F4-88FE-4EB6-8096-3BE6663955AD}"
EndProject
Global
	GlobalSection(SolutionConfigurationPlatforms) = preSolution
		Debug|Any CPU = Debug|Any CPU
		Release|Any CPU = Release|Any CPU
	EndGlobalSection
	GlobalSection(ProjectConfigurationPlatforms) = postSolution
		{EEB5C7F4-88FE-4EB6-8096-3BE6663955AD}.Debug|Any CPU.ActiveCfg = Debug|Any CPU
		{EEB5C7F4-88FE-4EB6-8096-3BE6663955AD}.Debug|Any CPU.Build.0 = Debug|Any CPU
		{EEB5C7F4-88FE-4EB6-8096-3BE6663955AD}.Release|Any CPU.ActiveCfg = Release|Any CPU
		{EEB5C7F4-88FE-4EB6-8096-3BE6663955AD}.Release|Any CPU.Build.0 = Release|Any CPU
	EndGlobalSection
	GlobalSection(SolutionProperties) = preSolution
		HideSolutionNode = FALSE
	EndGlobalSection
	GlobalSection(ExtensibilityGlobals) = postSolution
		SolutionGuid = {E08025DC-EA80-42B2-AC12-E9CE04848821}
	EndGlobalSection
EndGlobal
