
Microsoft Visual Studio Solution File, Format Version 12.00
# Visual Studio 15
VisualStudioVersion = 15.0.28010.2036
MinimumVisualStudioVersion = 10.0.40219.1
Project("{FAE04EC0-301F-11D3-BF4B-00C04F79EFBC}") = "14. Longest Common Prefix", "14. Longest Common Prefix\14. Longest Common Prefix.csproj", "{458F9C81-ABA1-421F-B4C1-F6EE8C5796D0}"
EndProject
Global
	GlobalSection(SolutionConfigurationPlatforms) = preSolution
		Debug|Any CPU = Debug|Any CPU
		Release|Any CPU = Release|Any CPU
	EndGlobalSection
	GlobalSection(ProjectConfigurationPlatforms) = postSolution
		{458F9C81-ABA1-421F-B4C1-F6EE8C5796D0}.Debug|Any CPU.ActiveCfg = Debug|Any CPU
		{458F9C81-ABA1-421F-B4C1-F6EE8C5796D0}.Debug|Any CPU.Build.0 = Debug|Any CPU
		{458F9C81-ABA1-421F-B4C1-F6EE8C5796D0}.Release|Any CPU.ActiveCfg = Release|Any CPU
		{458F9C81-ABA1-421F-B4C1-F6EE8C5796D0}.Release|Any CPU.Build.0 = Release|Any CPU
	EndGlobalSection
	GlobalSection(SolutionProperties) = preSolution
		HideSolutionNode = FALSE
	EndGlobalSection
	GlobalSection(ExtensibilityGlobals) = postSolution
		SolutionGuid = {6F7F3029-357F-4BE8-A3D1-EF9042448BA2}
	EndGlobalSection
EndGlobal
